
Microsoft Visual Studio Solution File, Format Version 12.00
# Visual Studio Version 17
VisualStudioVersion = 17.9.34728.123
MinimumVisualStudioVersion = 10.0.40219.1
Project("{9A19103F-16F7-4668-BE54-9A1E7A4F7556}") = "trilha-net-azure-desafio", "trilha-net-azure-desafio.csproj", "{0BE18361-58F0-43EA-80EF-360D3C903CB7}"
EndProject
Global
	GlobalSection(SolutionConfigurationPlatforms) = preSolution
		Debug|Any CPU = Debug|Any CPU
		Release|Any CPU = Release|Any CPU
	EndGlobalSection
	GlobalSection(ProjectConfigurationPlatforms) = postSolution
		{0BE18361-58F0-43EA-80EF-360D3C903CB7}.Debug|Any CPU.ActiveCfg = Debug|Any CPU
		{0BE18361-58F0-43EA-80EF-360D3C903CB7}.Debug|Any CPU.Build.0 = Debug|Any CPU
		{0BE18361-58F0-43EA-80EF-360D3C903CB7}.Release|Any CPU.ActiveCfg = Release|Any CPU
		{0BE18361-58F0-43EA-80EF-360D3C903CB7}.Release|Any CPU.Build.0 = Release|Any CPU
	EndGlobalSection
	GlobalSection(SolutionProperties) = preSolution
		HideSolutionNode = FALSE
	EndGlobalSection
	GlobalSection(ExtensibilityGlobals) = postSolution
		SolutionGuid = {6190B451-4C11-4019-861B-0E854FEF94C9}
	EndGlobalSection
EndGlobal
